
Microsoft Visual Studio Solution File, Format Version 12.00
# Visual Studio 15
VisualStudioVersion = 15.0.27428.1
MinimumVisualStudioVersion = 10.0.40219.1
Project("{6EC3EE1D-3C4E-46DD-8F32-0CC8E7565705}") = "UnityFs", "UnityFs\UnityFs.fsproj", "{75191B00-F6B0-40C5-AFB5-7F1E1D69EBBB}"
EndProject
Project("{F2A71F9B-5D33-465A-A702-920D77279786}") = "Examples", "Examples\Examples.fsproj", "{0DC73E30-6D8C-466F-AB4B-A0AE9634FF0E}"
EndProject
Global
	GlobalSection(SolutionConfigurationPlatforms) = preSolution
		Debug|Any CPU = Debug|Any CPU
		Release|Any CPU = Release|Any CPU
	EndGlobalSection
	GlobalSection(ProjectConfigurationPlatforms) = postSolution
		{75191B00-F6B0-40C5-AFB5-7F1E1D69EBBB}.Debug|Any CPU.ActiveCfg = Debug|Any CPU
		{75191B00-F6B0-40C5-AFB5-7F1E1D69EBBB}.Debug|Any CPU.Build.0 = Debug|Any CPU
		{75191B00-F6B0-40C5-AFB5-7F1E1D69EBBB}.Release|Any CPU.ActiveCfg = Release|Any CPU
		{75191B00-F6B0-40C5-AFB5-7F1E1D69EBBB}.Release|Any CPU.Build.0 = Release|Any CPU
		{0DC73E30-6D8C-466F-AB4B-A0AE9634FF0E}.Debug|Any CPU.ActiveCfg = Debug|Any CPU
		{0DC73E30-6D8C-466F-AB4B-A0AE9634FF0E}.Debug|Any CPU.Build.0 = Debug|Any CPU
		{0DC73E30-6D8C-466F-AB4B-A0AE9634FF0E}.Release|Any CPU.ActiveCfg = Release|Any CPU
		{0DC73E30-6D8C-466F-AB4B-A0AE9634FF0E}.Release|Any CPU.Build.0 = Release|Any CPU
	EndGlobalSection
	GlobalSection(SolutionProperties) = preSolution
		HideSolutionNode = FALSE
	EndGlobalSection
	GlobalSection(ExtensibilityGlobals) = postSolution
		SolutionGuid = {0D3726C0-2302-4CD5-B0C2-17EEACDD477E}
	EndGlobalSection
EndGlobal
